
Microsoft Visual Studio Solution File, Format Version 12.00
# Visual Studio Version 17
VisualStudioVersion = 17.0.31903.59
MinimumVisualStudioVersion = 10.0.40219.1
Project("{2150E333-8FDC-42A3-9474-1A3956D46DE8}") = "src", "src", "{F520F5D4-6153-4236-A575-0C859B8E2717}"
EndProject
Project("{FAE04EC0-301F-11D3-BF4B-00C04F79EFBC}") = "Radar.Contracts", "src\Radar.Contracts\Radar.Contracts.csproj", "{016935A9-7683-4931-84E0-340E59F446C9}"
EndProject
Project("{FAE04EC0-301F-11D3-BF4B-00C04F79EFBC}") = "Radar.Device", "src\Radar.Device\Radar.Device.csproj", "{FA3D45CB-9C35-4300-ACAD-1B77E4412FA6}"
EndProject
Project("{FAE04EC0-301F-11D3-BF4B-00C04F79EFBC}") = "Radar.Configuration", "src\Radar.Configuration\Radar.Configuration.csproj", "{67FAB976-3F4D-49A1-9D82-E4AF97F02311}"
EndProject
Project("{FAE04EC0-301F-11D3-BF4B-00C04F79EFBC}") = "Radar.Protocol", "src\Radar.Protocol\Radar.Protocol.csproj", "{0F02D527-8D0E-4E1A-ADD7-CEB622803501}"
EndProject
Project("{2150E333-8FDC-42A3-9474-1A3956D46DE8}") = "tests", "tests", "{BF0B4AE0-5B8D-4B1F-8615-D70849A3C7EB}"
EndProject
Project("{FAE04EC0-301F-11D3-BF4B-00C04F79EFBC}") = "Radar.Device.Tests", "tests\Radar.Device.Tests\Radar.Device.Tests.csproj", "{6D21CC68-1F68-474E-A343-A3590256ABDB}"
EndProject
Project("{FAE04EC0-301F-11D3-BF4B-00C04F79EFBC}") = "Radar.Configuration.Tests", "tests\Radar.Configuration.Tests\Radar.Configuration.Tests.csproj", "{30E8EDB2-2735-4289-A633-02E61632EAB4}"
EndProject
Project("{FAE04EC0-301F-11D3-BF4B-00C04F79EFBC}") = "Radar.Protocol.Tests", "tests\Radar.Protocol.Tests\Radar.Protocol.Tests.csproj", "{077D13B1-2DD9-456F-A4E0-3685B94CC462}"
EndProject
Project("{FAE04EC0-301F-11D3-BF4B-00C04F79EFBC}") = "Radar.Processing", "src\Radar.Processing\Radar.Processing.csproj", "{F1FFB8B4-948D-4CD8-9863-EBCABA34969C}"
EndProject
Project("{FAE04EC0-301F-11D3-BF4B-00C04F79EFBC}") = "Radar.Processing.Tests", "tests\Radar.Processing.Tests\Radar.Processing.Tests.csproj", "{4400AB54-CA72-470F-A758-A9300FDD07A2}"
EndProject
Project("{FAE04EC0-301F-11D3-BF4B-00C04F79EFBC}") = "Radar.Ipc", "src\Radar.Ipc\Radar.Ipc.csproj", "{F369A753-490D-4E46-BB20-D692A745F305}"
EndProject
Project("{FAE04EC0-301F-11D3-BF4B-00C04F79EFBC}") = "Radar.Ipc.Tests", "tests\Radar.Ipc.Tests\Radar.Ipc.Tests.csproj", "{B85B5DFE-CF26-49CD-BFA5-E65F9C5ABA9A}"
EndProject
Project("{FAE04EC0-301F-11D3-BF4B-00C04F79EFBC}") = "Radar.Bridge.Wpf", "src\Radar.Bridge.Wpf\Radar.Bridge.Wpf.csproj", "{EB891499-8652-438A-AD8E-23BC538BE6B2}"
EndProject
Project("{FAE04EC0-301F-11D3-BF4B-00C04F79EFBC}") = "Radar.Bridge.Wpf.Tests", "tests\Radar.Bridge.Wpf.Tests\Radar.Bridge.Wpf.Tests.csproj", "{820E7195-4FBA-49CD-BC9B-EA22DB37E345}"
EndProject
Project("{FAE04EC0-301F-11D3-BF4B-00C04F79EFBC}") = "Radar.Unity.Compatibility.Tests", "tests\Radar.Unity.Compatibility.Tests\Radar.Unity.Compatibility.Tests.csproj", "{B9F6757F-FB56-44F6-9FF8-F353202C70B6}"
EndProject
Global
	GlobalSection(SolutionConfigurationPlatforms) = preSolution
		Debug|Any CPU = Debug|Any CPU
		Release|Any CPU = Release|Any CPU
	EndGlobalSection
	GlobalSection(SolutionProperties) = preSolution
		HideSolutionNode = FALSE
	EndGlobalSection
	GlobalSection(ProjectConfigurationPlatforms) = postSolution
		{016935A9-7683-4931-84E0-340E59F446C9}.Debug|Any CPU.ActiveCfg = Debug|Any CPU
		{016935A9-7683-4931-84E0-340E59F446C9}.Debug|Any CPU.Build.0 = Debug|Any CPU
		{016935A9-7683-4931-84E0-340E59F446C9}.Release|Any CPU.ActiveCfg = Release|Any CPU
		{016935A9-7683-4931-84E0-340E59F446C9}.Release|Any CPU.Build.0 = Release|Any CPU
		{FA3D45CB-9C35-4300-ACAD-1B77E4412FA6}.Debug|Any CPU.ActiveCfg = Debug|Any CPU
		{FA3D45CB-9C35-4300-ACAD-1B77E4412FA6}.Debug|Any CPU.Build.0 = Debug|Any CPU
		{FA3D45CB-9C35-4300-ACAD-1B77E4412FA6}.Release|Any CPU.ActiveCfg = Release|Any CPU
		{FA3D45CB-9C35-4300-ACAD-1B77E4412FA6}.Release|Any CPU.Build.0 = Release|Any CPU
		{67FAB976-3F4D-49A1-9D82-E4AF97F02311}.Debug|Any CPU.ActiveCfg = Debug|Any CPU
		{67FAB976-3F4D-49A1-9D82-E4AF97F02311}.Debug|Any CPU.Build.0 = Debug|Any CPU
		{67FAB976-3F4D-49A1-9D82-E4AF97F02311}.Release|Any CPU.ActiveCfg = Release|Any CPU
		{67FAB976-3F4D-49A1-9D82-E4AF97F02311}.Release|Any CPU.Build.0 = Release|Any CPU
		{0F02D527-8D0E-4E1A-ADD7-CEB622803501}.Debug|Any CPU.ActiveCfg = Debug|Any CPU
		{0F02D527-8D0E-4E1A-ADD7-CEB622803501}.Debug|Any CPU.Build.0 = Debug|Any CPU
		{0F02D527-8D0E-4E1A-ADD7-CEB622803501}.Release|Any CPU.ActiveCfg = Release|Any CPU
		{0F02D527-8D0E-4E1A-ADD7-CEB622803501}.Release|Any CPU.Build.0 = Release|Any CPU
		{6D21CC68-1F68-474E-A343-A3590256ABDB}.Debug|Any CPU.ActiveCfg = Debug|Any CPU
		{6D21CC68-1F68-474E-A343-A3590256ABDB}.Debug|Any CPU.Build.0 = Debug|Any CPU
		{6D21CC68-1F68-474E-A343-A3590256ABDB}.Release|Any CPU.ActiveCfg = Release|Any CPU
		{6D21CC68-1F68-474E-A343-A3590256ABDB}.Release|Any CPU.Build.0 = Release|Any CPU
		{30E8EDB2-2735-4289-A633-02E61632EAB4}.Debug|Any CPU.ActiveCfg = Debug|Any CPU
		{30E8EDB2-2735-4289-A633-02E61632EAB4}.Debug|Any CPU.Build.0 = Debug|Any CPU
		{30E8EDB2-2735-4289-A633-02E61632EAB4}.Release|Any CPU.ActiveCfg = Release|Any CPU
		{30E8EDB2-2735-4289-A633-02E61632EAB4}.Release|Any CPU.Build.0 = Release|Any CPU
		{077D13B1-2DD9-456F-A4E0-3685B94CC462}.Debug|Any CPU.ActiveCfg = Debug|Any CPU
		{077D13B1-2DD9-456F-A4E0-3685B94CC462}.Debug|Any CPU.Build.0 = Debug|Any CPU
		{077D13B1-2DD9-456F-A4E0-3685B94CC462}.Release|Any CPU.ActiveCfg = Release|Any CPU
		{077D13B1-2DD9-456F-A4E0-3685B94CC462}.Release|Any CPU.Build.0 = Release|Any CPU
		{F1FFB8B4-948D-4CD8-9863-EBCABA34969C}.Debug|Any CPU.ActiveCfg = Debug|Any CPU
		{F1FFB8B4-948D-4CD8-9863-EBCABA34969C}.Debug|Any CPU.Build.0 = Debug|Any CPU
		{F1FFB8B4-948D-4CD8-9863-EBCABA34969C}.Release|Any CPU.ActiveCfg = Release|Any CPU
		{F1FFB8B4-948D-4CD8-9863-EBCABA34969C}.Release|Any CPU.Build.0 = Release|Any CPU
		{4400AB54-CA72-470F-A758-A9300FDD07A2}.Debug|Any CPU.ActiveCfg = Debug|Any CPU
		{4400AB54-CA72-470F-A758-A9300FDD07A2}.Debug|Any CPU.Build.0 = Debug|Any CPU
		{4400AB54-CA72-470F-A758-A9300FDD07A2}.Release|Any CPU.ActiveCfg = Release|Any CPU
		{4400AB54-CA72-470F-A758-A9300FDD07A2}.Release|Any CPU.Build.0 = Release|Any CPU
		{F369A753-490D-4E46-BB20-D692A745F305}.Debug|Any CPU.ActiveCfg = Debug|Any CPU
		{F369A753-490D-4E46-BB20-D692A745F305}.Debug|Any CPU.Build.0 = Debug|Any CPU
		{F369A753-490D-4E46-BB20-D692A745F305}.Release|Any CPU.ActiveCfg = Release|Any CPU
		{F369A753-490D-4E46-BB20-D692A745F305}.Release|Any CPU.Build.0 = Release|Any CPU
		{B85B5DFE-CF26-49CD-BFA5-E65F9C5ABA9A}.Debug|Any CPU.ActiveCfg = Debug|Any CPU
		{B85B5DFE-CF26-49CD-BFA5-E65F9C5ABA9A}.Debug|Any CPU.Build.0 = Debug|Any CPU
		{B85B5DFE-CF26-49CD-BFA5-E65F9C5ABA9A}.Release|Any CPU.ActiveCfg = Release|Any CPU
		{B85B5DFE-CF26-49CD-BFA5-E65F9C5ABA9A}.Release|Any CPU.Build.0 = Release|Any CPU
		{EB891499-8652-438A-AD8E-23BC538BE6B2}.Debug|Any CPU.ActiveCfg = Debug|Any CPU
		{EB891499-8652-438A-AD8E-23BC538BE6B2}.Debug|Any CPU.Build.0 = Debug|Any CPU
		{EB891499-8652-438A-AD8E-23BC538BE6B2}.Release|Any CPU.ActiveCfg = Release|Any CPU
		{EB891499-8652-438A-AD8E-23BC538BE6B2}.Release|Any CPU.Build.0 = Release|Any CPU
		{820E7195-4FBA-49CD-BC9B-EA22DB37E345}.Debug|Any CPU.ActiveCfg = Debug|Any CPU
		{820E7195-4FBA-49CD-BC9B-EA22DB37E345}.Debug|Any CPU.Build.0 = Debug|Any CPU
		{820E7195-4FBA-49CD-BC9B-EA22DB37E345}.Release|Any CPU.ActiveCfg = Release|Any CPU
		{820E7195-4FBA-49CD-BC9B-EA22DB37E345}.Release|Any CPU.Build.0 = Release|Any CPU
		{B9F6757F-FB56-44F6-9FF8-F353202C70B6}.Debug|Any CPU.ActiveCfg = Debug|Any CPU
		{B9F6757F-FB56-44F6-9FF8-F353202C70B6}.Debug|Any CPU.Build.0 = Debug|Any CPU
		{B9F6757F-FB56-44F6-9FF8-F353202C70B6}.Release|Any CPU.ActiveCfg = Release|Any CPU
		{B9F6757F-FB56-44F6-9FF8-F353202C70B6}.Release|Any CPU.Build.0 = Release|Any CPU
	EndGlobalSection
	GlobalSection(NestedProjects) = preSolution
		{016935A9-7683-4931-84E0-340E59F446C9} = {F520F5D4-6153-4236-A575-0C859B8E2717}
		{FA3D45CB-9C35-4300-ACAD-1B77E4412FA6} = {F520F5D4-6153-4236-A575-0C859B8E2717}
		{67FAB976-3F4D-49A1-9D82-E4AF97F02311} = {F520F5D4-6153-4236-A575-0C859B8E2717}
		{0F02D527-8D0E-4E1A-ADD7-CEB622803501} = {F520F5D4-6153-4236-A575-0C859B8E2717}
		{6D21CC68-1F68-474E-A343-A3590256ABDB} = {BF0B4AE0-5B8D-4B1F-8615-D70849A3C7EB}
		{30E8EDB2-2735-4289-A633-02E61632EAB4} = {BF0B4AE0-5B8D-4B1F-8615-D70849A3C7EB}
		{077D13B1-2DD9-456F-A4E0-3685B94CC462} = {BF0B4AE0-5B8D-4B1F-8615-D70849A3C7EB}
		{F1FFB8B4-948D-4CD8-9863-EBCABA34969C} = {F520F5D4-6153-4236-A575-0C859B8E2717}
		{4400AB54-CA72-470F-A758-A9300FDD07A2} = {BF0B4AE0-5B8D-4B1F-8615-D70849A3C7EB}
		{F369A753-490D-4E46-BB20-D692A745F305} = {F520F5D4-6153-4236-A575-0C859B8E2717}
		{B85B5DFE-CF26-49CD-BFA5-E65F9C5ABA9A} = {BF0B4AE0-5B8D-4B1F-8615-D70849A3C7EB}
		{EB891499-8652-438A-AD8E-23BC538BE6B2} = {F520F5D4-6153-4236-A575-0C859B8E2717}
		{820E7195-4FBA-49CD-BC9B-EA22DB37E345} = {BF0B4AE0-5B8D-4B1F-8615-D70849A3C7EB}
		{B9F6757F-FB56-44F6-9FF8-F353202C70B6} = {BF0B4AE0-5B8D-4B1F-8615-D70849A3C7EB}
	EndGlobalSection
EndGlobal
